
Microsoft Visual Studio Solution File, Format Version 12.00
# Visual Studio Version 17
VisualStudioVersion = 17.4.33122.133
MinimumVisualStudioVersion = 10.0.40219.1
Project("{FAE04EC0-301F-11D3-BF4B-00C04F79EFBC}") = "Task(6)Layout", "Task(6)Layout\Task(6)Layout.csproj", "{4F14BEE4-889A-4724-94D4-239791F81EBE}"
EndProject
Global
	GlobalSection(SolutionConfigurationPlatforms) = preSolution
		Debug|Any CPU = Debug|Any CPU
		Release|Any CPU = Release|Any CPU
	EndGlobalSection
	GlobalSection(ProjectConfigurationPlatforms) = postSolution
		{4F14BEE4-889A-4724-94D4-239791F81EBE}.Debug|Any CPU.ActiveCfg = Debug|Any CPU
		{4F14BEE4-889A-4724-94D4-239791F81EBE}.Debug|Any CPU.Build.0 = Debug|Any CPU
		{4F14BEE4-889A-4724-94D4-239791F81EBE}.Release|Any CPU.ActiveCfg = Release|Any CPU
		{4F14BEE4-889A-4724-94D4-239791F81EBE}.Release|Any CPU.Build.0 = Release|Any CPU
	EndGlobalSection
	GlobalSection(SolutionProperties) = preSolution
		HideSolutionNode = FALSE
	EndGlobalSection
	GlobalSection(ExtensibilityGlobals) = postSolution
		SolutionGuid = {C1B998D7-BC49-4005-8AE9-E69706ECAB0A}
	EndGlobalSection
EndGlobal
